github.com/BurntSushi/toml v0.3.1/go.mod h1:xHWCNGjB5oqiDr8zfno3MHue2Ht5sIBksp03qcyfWMU=
github.com/chzyer/logex v1.2.1 h1:XHDu3E6q+gdHgsdTPH6ImJMIp436vR6MPtH8gP05QzM=
github.com/chzyer/logex v1.2.1/go.mod h1:JLbx6lG2kDbNRFnfkgvh4eRJRPX1QCoOIWomwysCBrQ=
github.com/chzyer/readline v0.0.0-20180603132655-2972be24d48e h1:fY5BOSpyZCqRo5OhCuC+XN+r/bBCmeuuJtjz+bCNIf8=
github.com/chzyer/readline v0.0.0-20180603132655-2972be24d48e/go.mod h1:nSuG5e5PlCu98SY8svDHJxuZscDgtXS6KTTbou5AhLI=
github.com/chzyer/test v1.0.0 h1:p3BQDXSxOhOG0P9z6/hGnII4LGiEPOYBhs8asl/fC04=
github.com/chzyer/test v1.0.0/go.mod h1:2JlltgoNkt4TW/z9V/IzDdFaMTM2JPIi26O1pF38GC8=
github.com/cpuguy83/go-md2man/v2 v2.0.0-20190314233015-f79a8a8ca69d/go.mod h1:maD7wRr/U5Z6m/iR4s+kqSMx2CaBsrgA7czyZG/E6dU=
github.com/cpuguy83/go-md2man/v2 v2.0.1 h1:r/myEWzV9lfsM1tFLgDyu0atFtJ1fXn261LKYj/3DxU=
github.com/cpuguy83/go-md2man/v2 v2.0.1/go.mod h1:tgQtvFlXSQOSOSIRvRPT7W67SCa46tRHOmNcaadrF8o=
github.com/harrydb/go v0.0.0-20160105214235-0ff7a05d1aa4 h1:xA5LbbQswqRlBNmfJ6Sz0iWee4QVmubayPVhaTONQ8g=
github.com/harrydb/go v0.0.0-20160105214235-0ff7a05d1aa4/go.mod h1:X81WOeMfDDW5vjsPICoMhc7HC8H49bMg4hy6zZNTwBs=
github.com/miekg/pkcs11 v1.0.3 h1:iMwmD7I5225wv84WxIG/bmxz9AXjWvTWIbM/TYHvWtw=
github.com/miekg/pkcs11 v1.0.3/go.mod h1:XsNlhZGX73bx86s2hdc/FuaLm2CPZJemRLMA+WTFxgs=
github.com/nfnt/resize v0.0.0-20180221191011-83c6a9932646 h1:zYyBkD/k9seD2A7fsi6Oo2LfFZAehjjQMERAvZLEDnQ=
github.com/nfnt/resize v0.0.0-20180221191011-83c6a9932646/go.mod h1:jpp1/29i3P1S/RLdc7JQKbRpFeM1dOBd8T9ki5s+AY8=
github.com/pmezard/go-difflib v1.0.0/go.mod h1:iKH77koFhYxTK1pcRnkKkqfTogsbg7gZNVY4sRDYZ/4=
github.com/russross/blackfriday/v2 v2.0.1/go.mod h1:+Rmxgy9KzJVeS9/2gXHxylqXiyQDYRxCVz55jmeOWTM=
github.com/russross/blackfriday/v2 v2.1.0 h1:JIOH55/0cWyOuilr9/qlrm0BSXldqnqwMsf35Ld67mk=
github.com/russross/blackfriday/v2 v2.1.0/go.mod h1:+Rmxgy9KzJVeS9/2gXHxylqXiyQDYRxCVz55jmeOWTM=
github.com/shurcooL/sanitized_anchor_name v1.0.0/go.mod h1:1NzhyTcUVG4SuEtjjoZeVRXNmyL/1OwPU0+IJeTBvfc=
github.com/urfave/cli v1.22.5 h1:lNq9sAHXK2qfdI8W+GRItjCEkI+2oR4d+MEHy1CKXoU=
github.com/urfave/cli v1.22.5/go.mod h1:Gos4lmkARVdJ6EkW0WaNv/tZAAMe9V7XWyB60NtXRu0=
golang.org/x/sys v0.1.0 h1:kunALQeHf1/185U1i0GOB/fy1IPRDDpuoOOqRReG57U=
golang.org/x/sys v0.1.0/go.mod h1:oPkhp1MJrh7nUepCBck5+mAzfO9JrbApNNgaTdGDITg=
gopkg.in/check.v1 v0.0.0-20161208181325-20d25e280405/go.mod h1:Co6ibVJAznAaIkqp8huTwlJQCZ016jof/cbN4VW5Yz0=
gopkg.in/gographics/imagick.v2 v2.6.0 h1:ewRsUQk3QkjGumERlndbFn/kTYRjyMaPY5gxwpuAhik=
gopkg.in/gographics/imagick.v2 v2.6.0/go.mod h1:/QVPLV/iKdNttRKthmDkeeGg+vdHurVEPc8zkU0XgBk=
gopkg.in/yaml.v2 v2.2.2/go.mod h1:hI93XBmqTisBFMUTm0b8Fm+jr3Dg1NNxqwp+5A1VGuI=
pault.ag/go/cbeff v0.0.0-20190316174414-b3ea38156a4c/go.mod h1:xQEwgbgxLWJ1OuNe9XYcrqAn2YTYK5FYCSMO2u4/at4=
pault.ag/go/cbeff v0.1.1 h1:UmFJQnD/n4535v5ekDFIvKMbbFvhqaN7OZwziMBwbKw=
pault.ag/go/cbeff v0.1.1/go.mod h1:iC9As0DjxtR3IiJbot7i8EM2qkZC9dwWMgXkTTExSiw=
pault.ag/go/fasc v0.0.0-20190505145209-c337c3c0bbf0/go.mod h1:ZVD6UhO2Ww4DGiNTW0cgpFlE820wDl2aMcTlprz7V2E=
pault.ag/go/fasc v0.1.1 h1:u5oB8JjGEG7Fg2V5m3EInffesSpRlYcHZ5XgQLQd/dE=
pault.ag/go/fasc v0.1.1/go.mod h1:H58oQKhTVFwt/bHPxCuQq3Djjbc2/evvDNJ7dfFuMBs=
pault.ag/go/othername v0.0.0-20190316144542-859caba4369b/go.mod h1:u939XwodO0MGyc2Wsk3DUHLu64//oyyi9xFxId8hW48=
pault.ag/go/othername v0.1.1 h1:Nzcw26JIoQav9BexFiOvv89hZmCXc0CoG9DMDI2yjM0=
pault.ag/go/othername v0.1.1/go.mod h1:XlKBAYprpqiFECF9vASFkZr4p3g3KWq+fB0OohgigKY=
pault.ag/go/piv v0.1.3 h1:dLjAguh4jl9j/oyJ4sN9WHSNRdYe3+pTuB5iYe+ohJQ=
pault.ag/go/piv v0.1.3/go.mod h1:IeczdT2E4w9cD/XcTMn7C466E+T19OY4awLl/ClOpGs=
